// !$*UTF8*$!
{
	archiveVersion = 1;
	classes = {
	};
	objectVersion = 55;
	objects = {

/* Begin PBXBuildFile section */
		EE71AE3B28AB8D9C008B4EE8 /* UserDefault.swift in Sources */ = {isa = PBXBuildFile; fileRef = EE71AE3A28AB8D9C008B4EE8 /* UserDefault.swift */; };
		EED12F2128AA1895006422D7 /* weather_app_iosApp.swift in Sources */ = {isa = PBXBuildFile; fileRef = EED12F2028AA1895006422D7 /* weather_app_iosApp.swift */; };
		EED12F2328AA1895006422D7 /* ContentView.swift in Sources */ = {isa = PBXBuildFile; fileRef = EED12F2228AA1895006422D7 /* ContentView.swift */; };
		EED12F2528AA1897006422D7 /* Assets.xcassets in Resources */ = {isa = PBXBuildFile; fileRef = EED12F2428AA1897006422D7 /* Assets.xcassets */; };
		EED12F2828AA1897006422D7 /* Preview Assets.xcassets in Resources */ = {isa = PBXBuildFile; fileRef = EED12F2728AA1897006422D7 /* Preview Assets.xcassets */; };
		EED12F3228AA1897006422D7 /* weather_app_iosTests.swift in Sources */ = {isa = PBXBuildFile; fileRef = EED12F3128AA1897006422D7 /* weather_app_iosTests.swift */; };
		EED12F3C28AA1897006422D7 /* weather_app_iosUITests.swift in Sources */ = {isa = PBXBuildFile; fileRef = EED12F3B28AA1897006422D7 /* weather_app_iosUITests.swift */; };
		EED12F3E28AA1897006422D7 /* weather_app_iosUITestsLaunchTests.swift in Sources */ = {isa = PBXBuildFile; fileRef = EED12F3D28AA1897006422D7 /* weather_app_iosUITestsLaunchTests.swift */; };
		EED12F4C28AA19E2006422D7 /* LocationViewModel.swift in Sources */ = {isa = PBXBuildFile; fileRef = EED12F4B28AA19E2006422D7 /* LocationViewModel.swift */; };
		EED12F5328AA1B36006422D7 /* DataViewModel.swift in Sources */ = {isa = PBXBuildFile; fileRef = EED12F5228AA1B36006422D7 /* DataViewModel.swift */; };
		EED12F5628AA1BE8006422D7 /* DataService.swift in Sources */ = {isa = PBXBuildFile; fileRef = EED12F5528AA1BE8006422D7 /* DataService.swift */; };
		EED12F5828AA1E0E006422D7 /* WeatherModel.swift in Sources */ = {isa = PBXBuildFile; fileRef = EED12F5728AA1E0E006422D7 /* WeatherModel.swift */; };
/* End PBXBuildFile section */

/* Begin PBXContainerItemProxy section */
		EED12F2E28AA1897006422D7 /* PBXContainerItemProxy */ = {
			isa = PBXContainerItemProxy;
			containerPortal = EED12F1528AA1895006422D7 /* Project object */;
			proxyType = 1;
			remoteGlobalIDString = EED12F1C28AA1895006422D7;
			remoteInfo = "weather-app-ios";
		};
		EED12F3828AA1897006422D7 /* PBXContainerItemProxy */ = {
			isa = PBXContainerItemProxy;
			containerPortal = EED12F1528AA1895006422D7 /* Project object */;
			proxyType = 1;
			remoteGlobalIDString = EED12F1C28AA1895006422D7;
			remoteInfo = "weather-app-ios";
		};
/* End PBXContainerItemProxy section */

/* Begin PBXFileReference section */
		EE71AE3A28AB8D9C008B4EE8 /* UserDefault.swift */ = {isa = PBXFileReference; lastKnownFileType = sourcecode.swift; path = UserDefault.swift; sourceTree = "<group>"; };
		EED12F1D28AA1895006422D7 /* weather-app-ios.app */ = {isa = PBXFileReference; explicitFileType = wrapper.application; includeInIndex = 0; path = "weather-app-ios.app"; sourceTree = BUILT_PRODUCTS_DIR; };
		EED12F2028AA1895006422D7 /* weather_app_iosApp.swift */ = {isa = PBXFileReference; lastKnownFileType = sourcecode.swift; path = weather_app_iosApp.swift; sourceTree = "<group>"; };
		EED12F2228AA1895006422D7 /* ContentView.swift */ = {isa = PBXFileReference; lastKnownFileType = sourcecode.swift; path = ContentView.swift; sourceTree = "<group>"; };
		EED12F2428AA1897006422D7 /* Assets.xcassets */ = {isa = PBXFileReference; lastKnownFileType = folder.assetcatalog; path = Assets.xcassets; sourceTree = "<group>"; };
		EED12F2728AA1897006422D7 /* Preview Assets.xcassets */ = {isa = PBXFileReference; lastKnownFileType = folder.assetcatalog; path = "Preview Assets.xcassets"; sourceTree = "<group>"; };
		EED12F2D28AA1897006422D7 /* weather-app-iosTests.xctest */ = {isa = PBXFileReference; explicitFileType = wrapper.cfbundle; includeInIndex = 0; path = "weather-app-iosTests.xctest"; sourceTree = BUILT_PRODUCTS_DIR; };
		EED12F3128AA1897006422D7 /* weather_app_iosTests.swift */ = {isa = PBXFileReference; lastKnownFileType = sourcecode.swift; path = weather_app_iosTests.swift; sourceTree = "<group>"; };
		EED12F3728AA1897006422D7 /* weather-app-iosUITests.xctest */ = {isa = PBXFileReference; explicitFileType = wrapper.cfbundle; includeInIndex = 0; path = "weather-app-iosUITests.xctest"; sourceTree = BUILT_PRODUCTS_DIR; };
		EED12F3B28AA1897006422D7 /* weather_app_iosUITests.swift */ = {isa = PBXFileReference; lastKnownFileType = sourcecode.swift; path = weather_app_iosUITests.swift; sourceTree = "<group>"; };
		EED12F3D28AA1897006422D7 /* weather_app_iosUITestsLaunchTests.swift */ = {isa = PBXFileReference; lastKnownFileType = sourcecode.swift; path = weather_app_iosUITestsLaunchTests.swift; sourceTree = "<group>"; };
		EED12F4B28AA19E2006422D7 /* LocationViewModel.swift */ = {isa = PBXFileReference; lastKnownFileType = sourcecode.swift; path = LocationViewModel.swift; sourceTree = "<group>"; };
		EED12F5228AA1B36006422D7 /* DataViewModel.swift */ = {isa = PBXFileReference; lastKnownFileType = sourcecode.swift; path = DataViewModel.swift; sourceTree = "<group>"; };
		EED12F5528AA1BE8006422D7 /* DataService.swift */ = {isa = PBXFileReference; lastKnownFileType = sourcecode.swift; path = DataService.swift; sourceTree = "<group>"; };
		EED12F5728AA1E0E006422D7 /* WeatherModel.swift */ = {isa = PBXFileReference; lastKnownFileType = sourcecode.swift; path = WeatherModel.swift; sourceTree = "<group>"; };
/* End PBXFileReference section */

/* Begin PBXFrameworksBuildPhase section */
		EED12F1A28AA1895006422D7 /* Frameworks */ = {
			isa = PBXFrameworksBuildPhase;
			buildActionMask = 2147483647;
			files = (
			);
			runOnlyForDeploymentPostprocessing = 0;
		};
		EED12F2A28AA1897006422D7 /* Frameworks */ = {
			isa = PBXFrameworksBuildPhase;
			buildActionMask = 2147483647;
			files = (
			);
			runOnlyForDeploymentPostprocessing = 0;
		};
		EED12F3428AA1897006422D7 /* Frameworks */ = {
			isa = PBXFrameworksBuildPhase;
			buildActionMask = 2147483647;
			files = (
			);
			runOnlyForDeploymentPostprocessing = 0;
		};
/* End PBXFrameworksBuildPhase section */

/* Begin PBXGroup section */
		EE71AE3928AB8D8E008B4EE8 /* Helpers */ = {
			isa = PBXGroup;
			children = (
				EE71AE3A28AB8D9C008B4EE8 /* UserDefault.swift */,
			);
			path = Helpers;
			sourceTree = "<group>";
		};
		EED12F1428AA1895006422D7 = {
			isa = PBXGroup;
			children = (
				EED12F1F28AA1895006422D7 /* weather-app-ios */,
				EED12F3028AA1897006422D7 /* weather-app-iosTests */,
				EED12F3A28AA1897006422D7 /* weather-app-iosUITests */,
				EED12F1E28AA1895006422D7 /* Products */,
			);
			sourceTree = "<group>";
		};
		EED12F1E28AA1895006422D7 /* Products */ = {
			isa = PBXGroup;
			children = (
				EED12F1D28AA1895006422D7 /* weather-app-ios.app */,
				EED12F2D28AA1897006422D7 /* weather-app-iosTests.xctest */,
				EED12F3728AA1897006422D7 /* weather-app-iosUITests.xctest */,
			);
			name = Products;
			sourceTree = "<group>";
		};
		EED12F1F28AA1895006422D7 /* weather-app-ios */ = {
			isa = PBXGroup;
			children = (
				EED12F4F28AA1A10006422D7 /* AppConfig */,
				EED12F4D28AA1A02006422D7 /* Views */,
				EED12F4A28AA19C9006422D7 /* ViewModels */,
				EED12F5128AA1A2A006422D7 /* Models */,
				EED12F5428AA1B4D006422D7 /* Services */,
				EED12F5028AA1A1D006422D7 /* Resources */,
				EE71AE3928AB8D8E008B4EE8 /* Helpers */,
				EED12F2628AA1897006422D7 /* Preview Content */,
			);
			path = "weather-app-ios";
			sourceTree = "<group>";
		};
		EED12F2628AA1897006422D7 /* Preview Content */ = {
			isa = PBXGroup;
			children = (
				EED12F2728AA1897006422D7 /* Preview Assets.xcassets */,
			);
			path = "Preview Content";
			sourceTree = "<group>";
		};
		EED12F3028AA1897006422D7 /* weather-app-iosTests */ = {
			isa = PBXGroup;
			children = (
				EED12F3128AA1897006422D7 /* weather_app_iosTests.swift */,
			);
			path = "weather-app-iosTests";
			sourceTree = "<group>";
		};
		EED12F3A28AA1897006422D7 /* weather-app-iosUITests */ = {
			isa = PBXGroup;
			children = (
				EED12F3B28AA1897006422D7 /* weather_app_iosUITests.swift */,
				EED12F3D28AA1897006422D7 /* weather_app_iosUITestsLaunchTests.swift */,
			);
			path = "weather-app-iosUITests";
			sourceTree = "<group>";
		};
		EED12F4A28AA19C9006422D7 /* ViewModels */ = {
			isa = PBXGroup;
			children = (
				EED12F4B28AA19E2006422D7 /* LocationViewModel.swift */,
				EED12F5228AA1B36006422D7 /* DataViewModel.swift */,
			);
			path = ViewModels;
			sourceTree = "<group>";
		};
		EED12F4D28AA1A02006422D7 /* Views */ = {
			isa = PBXGroup;
			children = (
				EED12F2228AA1895006422D7 /* ContentView.swift */,
			);
			path = Views;
			sourceTree = "<group>";
		};
		EED12F4F28AA1A10006422D7 /* AppConfig */ = {
			isa = PBXGroup;
			children = (
				EED12F2028AA1895006422D7 /* weather_app_iosApp.swift */,
			);
			path = AppConfig;
			sourceTree = "<group>";
		};
		EED12F5028AA1A1D006422D7 /* Resources */ = {
			isa = PBXGroup;
			children = (
				EED12F2428AA1897006422D7 /* Assets.xcassets */,
			);
			path = Resources;
			sourceTree = "<group>";
		};
		EED12F5128AA1A2A006422D7 /* Models */ = {
			isa = PBXGroup;
			children = (
				EED12F5728AA1E0E006422D7 /* WeatherModel.swift */,
			);
			path = Models;
			sourceTree = "<group>";
		};
		EED12F5428AA1B4D006422D7 /* Services */ = {
			isa = PBXGroup;
			children = (
				EED12F5528AA1BE8006422D7 /* DataService.swift */,
			);
			path = Services;
			sourceTree = "<group>";
		};
/* End PBXGroup section */

/* Begin PBXNativeTarget section */
		EED12F1C28AA1895006422D7 /* weather-app-ios */ = {
			isa = PBXNativeTarget;
			buildConfigurationList = EED12F4128AA1897006422D7 /* Build configuration list for PBXNativeTarget "weather-app-ios" */;
			buildPhases = (
				EED12F1928AA1895006422D7 /* Sources */,
				EED12F1A28AA1895006422D7 /* Frameworks */,
				EED12F1B28AA1895006422D7 /* Resources */,
			);
			buildRules = (
			);
			dependencies = (
			);
			name = "weather-app-ios";
			productName = "weather-app-ios";
			productReference = EED12F1D28AA1895006422D7 /* weather-app-ios.app */;
			productType = "com.apple.product-type.application";
		};
		EED12F2C28AA1897006422D7 /* weather-app-iosTests */ = {
			isa = PBXNativeTarget;
			buildConfigurationList = EED12F4428AA1897006422D7 /* Build configuration list for PBXNativeTarget "weather-app-iosTests" */;
			buildPhases = (
				EED12F2928AA1897006422D7 /* Sources */,
				EED12F2A28AA1897006422D7 /* Frameworks */,
				EED12F2B28AA1897006422D7 /* Resources */,
			);
			buildRules = (
			);
			dependencies = (
				EED12F2F28AA1897006422D7 /* PBXTargetDependency */,
			);
			name = "weather-app-iosTests";
			productName = "weather-app-iosTests";
			productReference = EED12F2D28AA1897006422D7 /* weather-app-iosTests.xctest */;
			productType = "com.apple.product-type.bundle.unit-test";
		};
		EED12F3628AA1897006422D7 /* weather-app-iosUITests */ = {
			isa = PBXNativeTarget;
			buildConfigurationList = EED12F4728AA1897006422D7 /* Build configuration list for PBXNativeTarget "weather-app-iosUITests" */;
			buildPhases = (
				EED12F3328AA1897006422D7 /* Sources */,
				EED12F3428AA1897006422D7 /* Frameworks */,
				EED12F3528AA1897006422D7 /* Resources */,
			);
			buildRules = (
			);
			dependencies = (
				EED12F3928AA1897006422D7 /* PBXTargetDependency */,
			);
			name = "weather-app-iosUITests";
			productName = "weather-app-iosUITests";
			productReference = EED12F3728AA1897006422D7 /* weather-app-iosUITests.xctest */;
			productType = "com.apple.product-type.bundle.ui-testing";
		};
/* End PBXNativeTarget section */

/* Begin PBXProject section */
		EED12F1528AA1895006422D7 /* Project object */ = {
			isa = PBXProject;
			attributes = {
				BuildIndependentTargetsInParallel = 1;
				LastSwiftUpdateCheck = 1340;
				LastUpgradeCheck = 1340;
				TargetAttributes = {
					EED12F1C28AA1895006422D7 = {
						CreatedOnToolsVersion = 13.4.1;
					};
					EED12F2C28AA1897006422D7 = {
						CreatedOnToolsVersion = 13.4.1;
						TestTargetID = EED12F1C28AA1895006422D7;
					};
					EED12F3628AA1897006422D7 = {
						CreatedOnToolsVersion = 13.4.1;
						TestTargetID = EED12F1C28AA1895006422D7;
					};
				};
			};
			buildConfigurationList = EED12F1828AA1895006422D7 /* Build configuration list for PBXProject "weather-app-ios" */;
			compatibilityVersion = "Xcode 13.0";
			developmentRegion = en;
			hasScannedForEncodings = 0;
			knownRegions = (
				en,
				Base,
			);
			mainGroup = EED12F1428AA1895006422D7;
			productRefGroup = EED12F1E28AA1895006422D7 /* Products */;
			projectDirPath = "";
			projectRoot = "";
			targets = (
				EED12F1C28AA1895006422D7 /* weather-app-ios */,
				EED12F2C28AA1897006422D7 /* weather-app-iosTests */,
				EED12F3628AA1897006422D7 /* weather-app-iosUITests */,
			);
		};
/* End PBXProject section */

/* Begin PBXResourcesBuildPhase section */
		EED12F1B28AA1895006422D7 /* Resources */ = {
			isa = PBXResourcesBuildPhase;
			buildActionMask = 2147483647;
			files = (
				EED12F2828AA1897006422D7 /* Preview Assets.xcassets in Resources */,
				EED12F2528AA1897006422D7 /* Assets.xcassets in Resources */,
			);
			runOnlyForDeploymentPostprocessing = 0;
		};
		EED12F2B28AA1897006422D7 /* Resources */ = {
			isa = PBXResourcesBuildPhase;
			buildActionMask = 2147483647;
			files = (
			);
			runOnlyForDeploymentPostprocessing = 0;
		};
		EED12F3528AA1897006422D7 /* Resources */ = {
			isa = PBXResourcesBuildPhase;
			buildActionMask = 2147483647;
			files = (
			);
			runOnlyForDeploymentPostprocessing = 0;
		};
/* End PBXResourcesBuildPhase section */

/* Begin PBXSourcesBuildPhase section */
		EED12F1928AA1895006422D7 /* Sources */ = {
			isa = PBXSourcesBuildPhase;
			buildActionMask = 2147483647;
			files = (
				EED12F5328AA1B36006422D7 /* DataViewModel.swift in Sources */,
				EE71AE3B28AB8D9C008B4EE8 /* UserDefault.swift in Sources */,
				EED12F2328AA1895006422D7 /* ContentView.swift in Sources */,
				EED12F4C28AA19E2006422D7 /* LocationViewModel.swift in Sources */,
				EED12F2128AA1895006422D7 /* weather_app_iosApp.swift in Sources */,
				EED12F5828AA1E0E006422D7 /* WeatherModel.swift in Sources */,
				EED12F5628AA1BE8006422D7 /* DataService.swift in Sources */,
			);
			runOnlyForDeploymentPostprocessing = 0;
		};
		EED12F2928AA1897006422D7 /* Sources */ = {
			isa = PBXSourcesBuildPhase;
			buildActionMask = 2147483647;
			files = (
				EED12F3228AA1897006422D7 /* weather_app_iosTests.swift in Sources */,
			);
			runOnlyForDeploymentPostprocessing = 0;
		};
		EED12F3328AA1897006422D7 /* Sources */ = {
			isa = PBXSourcesBuildPhase;
			buildActionMask = 2147483647;
			files = (
				EED12F3C28AA1897006422D7 /* weather_app_iosUITests.swift in Sources */,
				EED12F3E28AA1897006422D7 /* weather_app_iosUITestsLaunchTests.swift in Sources */,
			);
			runOnlyForDeploymentPostprocessing = 0;
		};
/* End PBXSourcesBuildPhase section */

/* Begin PBXTargetDependency section */
		EED12F2F28AA1897006422D7 /* PBXTargetDependency */ = {
			isa = PBXTargetDependency;
			target = EED12F1C28AA1895006422D7 /* weather-app-ios */;
			targetProxy = EED12F2E28AA1897006422D7 /* PBXContainerItemProxy */;
		};
		EED12F3928AA1897006422D7 /* PBXTargetDependency */ = {
			isa = PBXTargetDependency;
			target = EED12F1C28AA1895006422D7 /* weather-app-ios */;
			targetProxy = EED12F3828AA1897006422D7 /* PBXContainerItemProxy */;
		};
/* End PBXTargetDependency section */

/* Begin XCBuildConfiguration section */
		EED12F3F28AA1897006422D7 /* Debug */ = {
			isa = XCBuildConfiguration;
			buildSettings = {
				ALWAYS_SEARCH_USER_PATHS = NO;
				CLANG_ANALYZER_NONNULL = YES;
				CLANG_ANALYZER_NUMBER_OBJECT_CONVERSION = YES_AGGRESSIVE;
				CLANG_CXX_LANGUAGE_STANDARD = "gnu++17";
				CLANG_ENABLE_MODULES = YES;
				CLANG_ENABLE_OBJC_ARC = YES;
				CLANG_ENABLE_OBJC_WEAK = YES;
				CLANG_WARN_BLOCK_CAPTURE_AUTORELEASING = YES;
				CLANG_WARN_BOOL_CONVERSION = YES;
				CLANG_WARN_COMMA = YES;
				CLANG_WARN_CONSTANT_CONVERSION = YES;
				CLANG_WARN_DEPRECATED_OBJC_IMPLEMENTATIONS = YES;
				CLANG_WARN_DIRECT_OBJC_ISA_USAGE = YES_ERROR;
				CLANG_WARN_DOCUMENTATION_COMMENTS = YES;
				CLANG_WARN_EMPTY_BODY = YES;
				CLANG_WARN_ENUM_CONVERSION = YES;
				CLANG_WARN_INFINITE_RECURSION = YES;
				CLANG_WARN_INT_CONVERSION = YES;
				CLANG_WARN_NON_LITERAL_NULL_CONVERSION = YES;
				CLANG_WARN_OBJC_IMPLICIT_RETAIN_SELF = YES;
				CLANG_WARN_OBJC_LITERAL_CONVERSION = YES;
				CLANG_WARN_OBJC_ROOT_CLASS = YES_ERROR;
				CLANG_WARN_QUOTED_INCLUDE_IN_FRAMEWORK_HEADER = YES;
				CLANG_WARN_RANGE_LOOP_ANALYSIS = YES;
				CLANG_WARN_STRICT_PROTOTYPES = YES;
				CLANG_WARN_SUSPICIOUS_MOVE = YES;
				CLANG_WARN_UNGUARDED_AVAILABILITY = YES_AGGRESSIVE;
				CLANG_WARN_UNREACHABLE_CODE = YES;
				CLANG_WARN__DUPLICATE_METHOD_MATCH = YES;
				COPY_PHASE_STRIP = NO;
				DEBUG_INFORMATION_FORMAT = dwarf;
				ENABLE_STRICT_OBJC_MSGSEND = YES;
				ENABLE_TESTABILITY = YES;
				GCC_C_LANGUAGE_STANDARD = gnu11;
				GCC_DYNAMIC_NO_PIC = NO;
				GCC_NO_COMMON_BLOCKS = YES;
				GCC_OPTIMIZATION_LEVEL = 0;
				GCC_PREPROCESSOR_DEFINITIONS = (
					"DEBUG=1",
					"$(inherited)",
				);
				GCC_WARN_64_TO_32_BIT_CONVERSION = YES;
				GCC_WARN_ABOUT_RETURN_TYPE = YES_ERROR;
				GCC_WARN_UNDECLARED_SELECTOR = YES;
				GCC_WARN_UNINITIALIZED_AUTOS = YES_AGGRESSIVE;
				GCC_WARN_UNUSED_FUNCTION = YES;
				GCC_WARN_UNUSED_VARIABLE = YES;
				IPHONEOS_DEPLOYMENT_TARGET = 15.0;
				MTL_ENABLE_DEBUG_INFO = INCLUDE_SOURCE;
				MTL_FAST_MATH = YES;
				ONLY_ACTIVE_ARCH = YES;
				SDKROOT = iphoneos;
				SWIFT_ACTIVE_COMPILATION_CONDITIONS = DEBUG;
				SWIFT_OPTIMIZATION_LEVEL = "-Onone";
			};
			name = Debug;
		};
		EED12F4028AA1897006422D7 /* Release */ = {
			isa = XCBuildConfiguration;
			buildSettings = {
				ALWAYS_SEARCH_USER_PATHS = NO;
				CLANG_ANALYZER_NONNULL = YES;
				CLANG_ANALYZER_NUMBER_OBJECT_CONVERSION = YES_AGGRESSIVE;
				CLANG_CXX_LANGUAGE_STANDARD = "gnu++17";
				CLANG_ENABLE_MODULES = YES;
				CLANG_ENABLE_OBJC_ARC = YES;
				CLANG_ENABLE_OBJC_WEAK = YES;
				CLANG_WARN_BLOCK_CAPTURE_AUTORELEASING = YES;
				CLANG_WARN_BOOL_CONVERSION = YES;
				CLANG_WARN_COMMA = YES;
				CLANG_WARN_CONSTANT_CONVERSION = YES;
				CLANG_WARN_DEPRECATED_OBJC_IMPLEMENTATIONS = YES;
				CLANG_WARN_DIRECT_OBJC_ISA_USAGE = YES_ERROR;
				CLANG_WARN_DOCUMENTATION_COMMENTS = YES;
				CLANG_WARN_EMPTY_BODY = YES;
				CLANG_WARN_ENUM_CONVERSION = YES;
				CLANG_WARN_INFINITE_RECURSION = YES;
				CLANG_WARN_INT_CONVERSION = YES;
				CLANG_WARN_NON_LITERAL_NULL_CONVERSION = YES;
				CLANG_WARN_OBJC_IMPLICIT_RETAIN_SELF = YES;
				CLANG_WARN_OBJC_LITERAL_CONVERSION = YES;
				CLANG_WARN_OBJC_ROOT_CLASS = YES_ERROR;
				CLANG_WARN_QUOTED_INCLUDE_IN_FRAMEWORK_HEADER = YES;
				CLANG_WARN_RANGE_LOOP_ANALYSIS = YES;
				CLANG_WARN_STRICT_PROTOTYPES = YES;
				CLANG_WARN_SUSPICIOUS_MOVE = YES;
				CLANG_WARN_UNGUARDED_AVAILABILITY = YES_AGGRESSIVE;
				CLANG_WARN_UNREACHABLE_CODE = YES;
				CLANG_WARN__DUPLICATE_METHOD_MATCH = YES;
				COPY_PHASE_STRIP = NO;
				DEBUG_INFORMATION_FORMAT = "dwarf-with-dsym";
				ENABLE_NS_ASSERTIONS = NO;
				ENABLE_STRICT_OBJC_MSGSEND = YES;
				GCC_C_LANGUAGE_STANDARD = gnu11;
				GCC_NO_COMMON_BLOCKS = YES;
				GCC_WARN_64_TO_32_BIT_CONVERSION = YES;
				GCC_WARN_ABOUT_RETURN_TYPE = YES_ERROR;
				GCC_WARN_UNDECLARED_SELECTOR = YES;
				GCC_WARN_UNINITIALIZED_AUTOS = YES_AGGRESSIVE;
				GCC_WARN_UNUSED_FUNCTION = YES;
				GCC_WARN_UNUSED_VARIABLE = YES;
				IPHONEOS_DEPLOYMENT_TARGET = 15.0;
				MTL_ENABLE_DEBUG_INFO = NO;
				MTL_FAST_MATH = YES;
				SDKROOT = iphoneos;
				SWIFT_COMPILATION_MODE = wholemodule;
				SWIFT_OPTIMIZATION_LEVEL = "-O";
				VALIDATE_PRODUCT = YES;
			};
			name = Release;
		};
		EED12F4228AA1897006422D7 /* Debug */ = {
			isa = XCBuildConfiguration;
			buildSettings = {
				ASSETCATALOG_COMPILER_APPICON_NAME = AppIcon;
				ASSETCATALOG_COMPILER_GLOBAL_ACCENT_COLOR_NAME = AccentColor;
				CODE_SIGN_STYLE = Automatic;
				CURRENT_PROJECT_VERSION = 1;
				DEVELOPMENT_ASSET_PATHS = "\"weather-app-ios/Preview Content\"";
				DEVELOPMENT_TEAM = U7XVUW953J;
				ENABLE_PREVIEWS = YES;
				GENERATE_INFOPLIST_FILE = YES;
				INFOPLIST_KEY_NSLocationWhenInUseUsageDescription = "Allow access to your current location to get weather data.";
				INFOPLIST_KEY_UIApplicationSceneManifest_Generation = YES;
				INFOPLIST_KEY_UIApplicationSupportsIndirectInputEvents = YES;
				INFOPLIST_KEY_UILaunchScreen_Generation = YES;
				INFOPLIST_KEY_UISupportedInterfaceOrientations_iPad = "UIInterfaceOrientationPortrait UIInterfaceOrientationPortraitUpsideDown UIInterfaceOrientationLandscapeLeft UIInterfaceOrientationLandscapeRight";
				INFOPLIST_KEY_UISupportedInterfaceOrientations_iPhone = "UIInterfaceOrientationPortrait UIInterfaceOrientationLandscapeLeft UIInterfaceOrientationLandscapeRight";
				LD_RUNPATH_SEARCH_PATHS = (
					"$(inherited)",
					"@executable_path/Frameworks",
				);
				MARKETING_VERSION = 1.0;
				PRODUCT_BUNDLE_IDENTIFIER = "com.weather-app-ios";
				PRODUCT_NAME = "$(TARGET_NAME)";
				SWIFT_EMIT_LOC_STRINGS = YES;
				SWIFT_VERSION = 5.0;
				TARGETED_DEVICE_FAMILY = "1,2";
			};
			name = Debug;
		};
		EED12F4328AA1897006422D7 /* Release */ = {
			isa = XCBuildConfiguration;
			buildSettings = {
				ASSETCATALOG_COMPILER_APPICON_NAME = AppIcon;
				ASSETCATALOG_COMPILER_GLOBAL_ACCENT_COLOR_NAME = AccentColor;
				CODE_SIGN_STYLE = Automatic;
				CURRENT_PROJECT_VERSION = 1;
				DEVELOPMENT_ASSET_PATHS = "\"weather-app-ios/Preview Content\"";
				DEVELOPMENT_TEAM = U7XVUW953J;
				ENABLE_PREVIEWS = YES;
				GENERATE_INFOPLIST_FILE = YES;
				INFOPLIST_KEY_NSLocationWhenInUseUsageDescription = "Allow access to your current location to get weather data.";
				INFOPLIST_KEY_UIApplicationSceneManifest_Generation = YES;
				INFOPLIST_KEY_UIApplicationSupportsIndirectInputEvents = YES;
				INFOPLIST_KEY_UILaunchScreen_Generation = YES;
				INFOPLIST_KEY_UISupportedInterfaceOrientations_iPad = "UIInterfaceOrientationPortrait UIInterfaceOrientationPortraitUpsideDown UIInterfaceOrientationLandscapeLeft UIInterfaceOrientationLandscapeRight";
				INFOPLIST_KEY_UISupportedInterfaceOrientations_iPhone = "UIInterfaceOrientationPortrait UIInterfaceOrientationLandscapeLeft UIInterfaceOrientationLandscapeRight";
				LD_RUNPATH_SEARCH_PATHS = (
					"$(inherited)",
					"@executable_path/Frameworks",
				);
				MARKETING_VERSION = 1.0;
				PRODUCT_BUNDLE_IDENTIFIER = "com.weather-app-ios";
				PRODUCT_NAME = "$(TARGET_NAME)";
				SWIFT_EMIT_LOC_STRINGS = YES;
				SWIFT_VERSION = 5.0;
				TARGETED_DEVICE_FAMILY = "1,2";
			};
			name = Release;
		};
		EED12F4528AA1897006422D7 /* Debug */ = {
			isa = XCBuildConfiguration;
			buildSettings = {
				ALWAYS_EMBED_SWIFT_STANDARD_LIBRARIES = YES;
				BUNDLE_LOADER = "$(TEST_HOST)";
				CODE_SIGN_STYLE = Automatic;
				CURRENT_PROJECT_VERSION = 1;
				DEVELOPMENT_TEAM = U7XVUW953J;
				GENERATE_INFOPLIST_FILE = YES;
				IPHONEOS_DEPLOYMENT_TARGET = 15.5;
				MARKETING_VERSION = 1.0;
				PRODUCT_BUNDLE_IDENTIFIER = "com.weather-app-iosTests";
				PRODUCT_NAME = "$(TARGET_NAME)";
				SWIFT_EMIT_LOC_STRINGS = NO;
				SWIFT_VERSION = 5.0;
				TARGETED_DEVICE_FAMILY = "1,2";
				TEST_HOST = "$(BUILT_PRODUCTS_DIR)/weather-app-ios.app/weather-app-ios";
			};
			name = Debug;
		};
		EED12F4628AA1897006422D7 /* Release */ = {
			isa = XCBuildConfiguration;
			buildSettings = {
				ALWAYS_EMBED_SWIFT_STANDARD_LIBRARIES = YES;
				BUNDLE_LOADER = "$(TEST_HOST)";
				CODE_SIGN_STYLE = Automatic;
				CURRENT_PROJECT_VERSION = 1;
				DEVELOPMENT_TEAM = U7XVUW953J;
				GENERATE_INFOPLIST_FILE = YES;
				IPHONEOS_DEPLOYMENT_TARGET = 15.5;
				MARKETING_VERSION = 1.0;
				PRODUCT_BUNDLE_IDENTIFIER = "com.weather-app-iosTests";
				PRODUCT_NAME = "$(TARGET_NAME)";
				SWIFT_EMIT_LOC_STRINGS = NO;
				SWIFT_VERSION = 5.0;
				TARGETED_DEVICE_FAMILY = "1,2";
				TEST_HOST = "$(BUILT_PRODUCTS_DIR)/weather-app-ios.app/weather-app-ios";
			};
			name = Release;
		};
		EED12F4828AA1897006422D7 /* Debug */ = {
			isa = XCBuildConfiguration;
			buildSettings = {
				ALWAYS_EMBED_SWIFT_STANDARD_LIBRARIES = YES;
				CODE_SIGN_STYLE = Automatic;
				CURRENT_PROJECT_VERSION = 1;
				DEVELOPMENT_TEAM = U7XVUW953J;
				GENERATE_INFOPLIST_FILE = YES;
				MARKETING_VERSION = 1.0;
				PRODUCT_BUNDLE_IDENTIFIER = "com.weather-app-iosUITests";
				PRODUCT_NAME = "$(TARGET_NAME)";
				SWIFT_EMIT_LOC_STRINGS = NO;
				SWIFT_VERSION = 5.0;
				TARGETED_DEVICE_FAMILY = "1,2";
				TEST_TARGET_NAME = "weather-app-ios";
			};
			name = Debug;
		};
		EED12F4928AA1897006422D7 /* Release */ = {
			isa = XCBuildConfiguration;
			buildSettings = {
				ALWAYS_EMBED_SWIFT_STANDARD_LIBRARIES = YES;
				CODE_SIGN_STYLE = Automatic;
				CURRENT_PROJECT_VERSION = 1;
				DEVELOPMENT_TEAM = U7XVUW953J;
				GENERATE_INFOPLIST_FILE = YES;
				MARKETING_VERSION = 1.0;
				PRODUCT_BUNDLE_IDENTIFIER = "com.weather-app-iosUITests";
				PRODUCT_NAME = "$(TARGET_NAME)";
				SWIFT_EMIT_LOC_STRINGS = NO;
				SWIFT_VERSION = 5.0;
				TARGETED_DEVICE_FAMILY = "1,2";
				TEST_TARGET_NAME = "weather-app-ios";
			};
			name = Release;
		};
/* End XCBuildConfiguration section */

/* Begin XCConfigurationList section */
		EED12F1828AA1895006422D7 /* Build configuration list for PBXProject "weather-app-ios" */ = {
			isa = XCConfigurationList;
			buildConfigurations = (
				EED12F3F28AA1897006422D7 /* Debug */,
				EED12F4028AA1897006422D7 /* Release */,
			);
			defaultConfigurationIsVisible = 0;
			defaultConfigurationName = Release;
		};
		EED12F4128AA1897006422D7 /* Build configuration list for PBXNativeTarget "weather-app-ios" */ = {
			isa = XCConfigurationList;
			buildConfigurations = (
				EED12F4228AA1897006422D7 /* Debug */,
				EED12F4328AA1897006422D7 /* Release */,
			);
			defaultConfigurationIsVisible = 0;
			defaultConfigurationName = Release;
		};
		EED12F4428AA1897006422D7 /* Build configuration list for PBXNativeTarget "weather-app-iosTests" */ = {
			isa = XCConfigurationList;
			buildConfigurations = (
				EED12F4528AA1897006422D7 /* Debug */,
				EED12F4628AA1897006422D7 /* Release */,
			);
			defaultConfigurationIsVisible = 0;
			defaultConfigurationName = Release;
		};
		EED12F4728AA1897006422D7 /* Build configuration list for PBXNativeTarget "weather-app-iosUITests" */ = {
			isa = XCConfigurationList;
			buildConfigurations = (
				EED12F4828AA1897006422D7 /* Debug */,
				EED12F4928AA1897006422D7 /* Release */,
			);
			defaultConfigurationIsVisible = 0;
			defaultConfigurationName = Release;
		};
/* End XCConfigurationList section */
	};
	rootObject = EED12F1528AA1895006422D7 /* Project object */;
}
